// !$*UTF8*$!
{
	archiveVersion = 1;
	classes = {
	};
	objectVersion = 56;
	objects = {

/* Begin PBXBuildFile section */
		484BEEFD2AB0F5750033C07A /* Specialist.swift in Sources */ = {isa = PBXBuildFile; fileRef = 484BEEFC2AB0F5750033C07A /* Specialist.swift */; };
		484BEEFF2AB0F59D0033C07A /* WebService.swift in Sources */ = {isa = PBXBuildFile; fileRef = 484BEEFE2AB0F59D0033C07A /* WebService.swift */; };
		48539DED2AB0F47C005BD7C9 /* VollmedApp.swift in Sources */ = {isa = PBXBuildFile; fileRef = 48539DEC2AB0F47C005BD7C9 /* VollmedApp.swift */; };
		48539DF12AB0F47D005BD7C9 /* Assets.xcassets in Resources */ = {isa = PBXBuildFile; fileRef = 48539DF02AB0F47D005BD7C9 /* Assets.xcassets */; };
		48539DF42AB0F47D005BD7C9 /* Preview Assets.xcassets in Resources */ = {isa = PBXBuildFile; fileRef = 48539DF32AB0F47D005BD7C9 /* Preview Assets.xcassets */; };
		C2133BE12AF06D010016FF7B /* ButtonView.swift in Sources */ = {isa = PBXBuildFile; fileRef = C2133BE02AF06D010016FF7B /* ButtonView.swift */; };
		C2133BE32AF06D650016FF7B /* HomeView.swift in Sources */ = {isa = PBXBuildFile; fileRef = C2133BE22AF06D650016FF7B /* HomeView.swift */; };
		C2133BE52AF06DC50016FF7B /* SpecialistCardView.swift in Sources */ = {isa = PBXBuildFile; fileRef = C2133BE42AF06DC50016FF7B /* SpecialistCardView.swift */; };
		C2133BE72AF06E750016FF7B /* ContentView.swift in Sources */ = {isa = PBXBuildFile; fileRef = C2133BE62AF06E750016FF7B /* ContentView.swift */; };
		C21B0A2C2B9724F600D5CEB4 /* Login.swift in Sources */ = {isa = PBXBuildFile; fileRef = C21B0A2B2B9724F600D5CEB4 /* Login.swift */; };
		C2246A012BB2154000FB0F13 /* UserDefaultsHelper.swift in Sources */ = {isa = PBXBuildFile; fileRef = C2246A002BB2154000FB0F13 /* UserDefaultsHelper.swift */; };
		C2246A032BB30E2100FB0F13 /* keychainHelper.swift in Sources */ = {isa = PBXBuildFile; fileRef = C2246A022BB30E2100FB0F13 /* keychainHelper.swift */; };
		C230A0AB2B68C271007D33AF /* Date+.swift in Sources */ = {isa = PBXBuildFile; fileRef = C230A0AA2B68C271007D33AF /* Date+.swift */; };
		C230A0AD2B68C697007D33AF /* String+.swift in Sources */ = {isa = PBXBuildFile; fileRef = C230A0AC2B68C697007D33AF /* String+.swift */; };
		C230A0AF2B68CCCE007D33AF /* scheduleAppointment.swift in Sources */ = {isa = PBXBuildFile; fileRef = C230A0AE2B68CCCE007D33AF /* scheduleAppointment.swift */; };
		C27AC3E52B99F4210025B779 /* Patient.swift in Sources */ = {isa = PBXBuildFile; fileRef = C27AC3E42B99F4210025B779 /* Patient.swift */; };
		C291FF5D2B7CD2F50086559C /* MyAppointmentsView.swift in Sources */ = {isa = PBXBuildFile; fileRef = C291FF5C2B7CD2F50086559C /* MyAppointmentsView.swift */; };
		C291FF5F2B7CDA090086559C /* Appointment.swift in Sources */ = {isa = PBXBuildFile; fileRef = C291FF5E2B7CDA090086559C /* Appointment.swift */; };
		C291FF632B8386DC0086559C /* CancelAppointmentView.swift in Sources */ = {isa = PBXBuildFile; fileRef = C291FF622B8386DC0086559C /* CancelAppointmentView.swift */; };
		C291FF652B866CA70086559C /* SignInView.swift in Sources */ = {isa = PBXBuildFile; fileRef = C291FF642B866CA70086559C /* SignInView.swift */; };
		C291FF672B8684EB0086559C /* SignUpView.swift in Sources */ = {isa = PBXBuildFile; fileRef = C291FF662B8684EB0086559C /* SignUpView.swift */; };
		C298A1F92B5F6DBE00E86DB7 /* ScheduleAppointmentView.swift in Sources */ = {isa = PBXBuildFile; fileRef = C298A1F82B5F6DBE00E86DB7 /* ScheduleAppointmentView.swift */; };
/* End PBXBuildFile section */

/* Begin PBXFileReference section */
		484BEEFC2AB0F5750033C07A /* Specialist.swift */ = {isa = PBXFileReference; lastKnownFileType = sourcecode.swift; path = Specialist.swift; sourceTree = "<group>"; };
		484BEEFE2AB0F59D0033C07A /* WebService.swift */ = {isa = PBXFileReference; lastKnownFileType = sourcecode.swift; path = WebService.swift; sourceTree = "<group>"; };
		48539DE92AB0F47C005BD7C9 /* Vollmed.app */ = {isa = PBXFileReference; explicitFileType = wrapper.application; includeInIndex = 0; path = Vollmed.app; sourceTree = BUILT_PRODUCTS_DIR; };
		48539DEC2AB0F47C005BD7C9 /* VollmedApp.swift */ = {isa = PBXFileReference; lastKnownFileType = sourcecode.swift; path = VollmedApp.swift; sourceTree = "<group>"; };
		48539DF02AB0F47D005BD7C9 /* Assets.xcassets */ = {isa = PBXFileReference; lastKnownFileType = folder.assetcatalog; path = Assets.xcassets; sourceTree = "<group>"; };
		48539DF32AB0F47D005BD7C9 /* Preview Assets.xcassets */ = {isa = PBXFileReference; lastKnownFileType = folder.assetcatalog; path = "Preview Assets.xcassets"; sourceTree = "<group>"; };
		C2133BE02AF06D010016FF7B /* ButtonView.swift */ = {isa = PBXFileReference; lastKnownFileType = sourcecode.swift; path = ButtonView.swift; sourceTree = "<group>"; };
		C2133BE22AF06D650016FF7B /* HomeView.swift */ = {isa = PBXFileReference; lastKnownFileType = sourcecode.swift; path = HomeView.swift; sourceTree = "<group>"; };
		C2133BE42AF06DC50016FF7B /* SpecialistCardView.swift */ = {isa = PBXFileReference; lastKnownFileType = sourcecode.swift; path = SpecialistCardView.swift; sourceTree = "<group>"; };
		C2133BE62AF06E750016FF7B /* ContentView.swift */ = {isa = PBXFileReference; lastKnownFileType = sourcecode.swift; path = ContentView.swift; sourceTree = "<group>"; };
		C21B0A2B2B9724F600D5CEB4 /* Login.swift */ = {isa = PBXFileReference; lastKnownFileType = sourcecode.swift; path = Login.swift; sourceTree = "<group>"; };
		C2246A002BB2154000FB0F13 /* UserDefaultsHelper.swift */ = {isa = PBXFileReference; lastKnownFileType = sourcecode.swift; path = UserDefaultsHelper.swift; sourceTree = "<group>"; };
		C2246A022BB30E2100FB0F13 /* keychainHelper.swift */ = {isa = PBXFileReference; lastKnownFileType = sourcecode.swift; path = keychainHelper.swift; sourceTree = "<group>"; };
		C230A0AA2B68C271007D33AF /* Date+.swift */ = {isa = PBXFileReference; lastKnownFileType = sourcecode.swift; path = "Date+.swift"; sourceTree = "<group>"; };
		C230A0AC2B68C697007D33AF /* String+.swift */ = {isa = PBXFileReference; lastKnownFileType = sourcecode.swift; path = "String+.swift"; sourceTree = "<group>"; };
		C230A0AE2B68CCCE007D33AF /* scheduleAppointment.swift */ = {isa = PBXFileReference; lastKnownFileType = sourcecode.swift; path = scheduleAppointment.swift; sourceTree = "<group>"; };
		C27AC3E42B99F4210025B779 /* Patient.swift */ = {isa = PBXFileReference; lastKnownFileType = sourcecode.swift; path = Patient.swift; sourceTree = "<group>"; };
		C291FF5C2B7CD2F50086559C /* MyAppointmentsView.swift */ = {isa = PBXFileReference; lastKnownFileType = sourcecode.swift; path = MyAppointmentsView.swift; sourceTree = "<group>"; };
		C291FF5E2B7CDA090086559C /* Appointment.swift */ = {isa = PBXFileReference; lastKnownFileType = sourcecode.swift; path = Appointment.swift; sourceTree = "<group>"; };
		C291FF622B8386DC0086559C /* CancelAppointmentView.swift */ = {isa = PBXFileReference; lastKnownFileType = sourcecode.swift; path = CancelAppointmentView.swift; sourceTree = "<group>"; };
		C291FF642B866CA70086559C /* SignInView.swift */ = {isa = PBXFileReference; lastKnownFileType = sourcecode.swift; path = SignInView.swift; sourceTree = "<group>"; };
		C291FF662B8684EB0086559C /* SignUpView.swift */ = {isa = PBXFileReference; lastKnownFileType = sourcecode.swift; path = SignUpView.swift; sourceTree = "<group>"; };
		C298A1F82B5F6DBE00E86DB7 /* ScheduleAppointmentView.swift */ = {isa = PBXFileReference; lastKnownFileType = sourcecode.swift; path = ScheduleAppointmentView.swift; sourceTree = "<group>"; };
/* End PBXFileReference section */

/* Begin PBXFrameworksBuildPhase section */
		48539DE62AB0F47C005BD7C9 /* Frameworks */ = {
			isa = PBXFrameworksBuildPhase;
			buildActionMask = 2147483647;
			files = (
			);
			runOnlyForDeploymentPostprocessing = 0;
		};
/* End PBXFrameworksBuildPhase section */

/* Begin PBXGroup section */
		484BEEF82AB0F55F0033C07A /* Views */ = {
			isa = PBXGroup;
			children = (
				484BEEF92AB0F5630033C07A /* Components */,
				C298A1F82B5F6DBE00E86DB7 /* ScheduleAppointmentView.swift */,
				C291FF5C2B7CD2F50086559C /* MyAppointmentsView.swift */,
				C291FF622B8386DC0086559C /* CancelAppointmentView.swift */,
				C291FF642B866CA70086559C /* SignInView.swift */,
				C291FF662B8684EB0086559C /* SignUpView.swift */,
			);
			path = Views;
			sourceTree = "<group>";
		};
		484BEEF92AB0F5630033C07A /* Components */ = {
			isa = PBXGroup;
			children = (
				C2133BE02AF06D010016FF7B /* ButtonView.swift */,
				C2133BE22AF06D650016FF7B /* HomeView.swift */,
				C2133BE42AF06DC50016FF7B /* SpecialistCardView.swift */,
				C2133BE62AF06E750016FF7B /* ContentView.swift */,
			);
			path = Components;
			sourceTree = "<group>";
		};
		484BEEFA2AB0F5680033C07A /* Models */ = {
			isa = PBXGroup;
			children = (
				484BEEFC2AB0F5750033C07A /* Specialist.swift */,
				C230A0AE2B68CCCE007D33AF /* scheduleAppointment.swift */,
				C291FF5E2B7CDA090086559C /* Appointment.swift */,
				C21B0A2B2B9724F600D5CEB4 /* Login.swift */,
				C27AC3E42B99F4210025B779 /* Patient.swift */,
			);
			path = Models;
			sourceTree = "<group>";
		};
		484BEEFB2AB0F56C0033C07A /* Services */ = {
			isa = PBXGroup;
			children = (
				C230A0AC2B68C697007D33AF /* String+.swift */,
				484BEEFE2AB0F59D0033C07A /* WebService.swift */,
				C2246A002BB2154000FB0F13 /* UserDefaultsHelper.swift */,
				C2246A022BB30E2100FB0F13 /* keychainHelper.swift */,
			);
			path = Services;
			sourceTree = "<group>";
		};
		48539DE02AB0F47C005BD7C9 = {
			isa = PBXGroup;
			children = (
				48539DEB2AB0F47C005BD7C9 /* Vollmed */,
				48539DEA2AB0F47C005BD7C9 /* Products */,
			);
			sourceTree = "<group>";
		};
		48539DEA2AB0F47C005BD7C9 /* Products */ = {
			isa = PBXGroup;
			children = (
				48539DE92AB0F47C005BD7C9 /* Vollmed.app */,
			);
			name = Products;
			sourceTree = "<group>";
		};
		48539DEB2AB0F47C005BD7C9 /* Vollmed */ = {
			isa = PBXGroup;
			children = (
				C230A0AA2B68C271007D33AF /* Date+.swift */,
				484BEEFB2AB0F56C0033C07A /* Services */,
				484BEEFA2AB0F5680033C07A /* Models */,
				484BEEF82AB0F55F0033C07A /* Views */,
				48539DEC2AB0F47C005BD7C9 /* VollmedApp.swift */,
				48539DF02AB0F47D005BD7C9 /* Assets.xcassets */,
				48539DF22AB0F47D005BD7C9 /* Preview Content */,
			);
			path = Vollmed;
			sourceTree = "<group>";
		};
		48539DF22AB0F47D005BD7C9 /* Preview Content */ = {
			isa = PBXGroup;
			children = (
				48539DF32AB0F47D005BD7C9 /* Preview Assets.xcassets */,
			);
			path = "Preview Content";
			sourceTree = "<group>";
		};
/* End PBXGroup section */

/* Begin PBXNativeTarget section */
		48539DE82AB0F47C005BD7C9 /* Vollmed */ = {
			isa = PBXNativeTarget;
			buildConfigurationList = 48539DF72AB0F47D005BD7C9 /* Build configuration list for PBXNativeTarget "Vollmed" */;
			buildPhases = (
				48539DE52AB0F47C005BD7C9 /* Sources */,
				48539DE62AB0F47C005BD7C9 /* Frameworks */,
				48539DE72AB0F47C005BD7C9 /* Resources */,
			);
			buildRules = (
			);
			dependencies = (
			);
			name = Vollmed;
			productName = Vollmed;
			productReference = 48539DE92AB0F47C005BD7C9 /* Vollmed.app */;
			productType = "com.apple.product-type.application";
		};
/* End PBXNativeTarget section */

/* Begin PBXProject section */
		48539DE12AB0F47C005BD7C9 /* Project object */ = {
			isa = PBXProject;
			attributes = {
				BuildIndependentTargetsInParallel = 1;
				LastSwiftUpdateCheck = 1500;
				LastUpgradeCheck = 1500;
				TargetAttributes = {
					48539DE82AB0F47C005BD7C9 = {
						CreatedOnToolsVersion = 15.0;
					};
				};
			};
			buildConfigurationList = 48539DE42AB0F47C005BD7C9 /* Build configuration list for PBXProject "Vollmed" */;
			compatibilityVersion = "Xcode 14.0";
			developmentRegion = en;
			hasScannedForEncodings = 0;
			knownRegions = (
				en,
				Base,
			);
			mainGroup = 48539DE02AB0F47C005BD7C9;
			productRefGroup = 48539DEA2AB0F47C005BD7C9 /* Products */;
			projectDirPath = "";
			projectRoot = "";
			targets = (
				48539DE82AB0F47C005BD7C9 /* Vollmed */,
			);
		};
/* End PBXProject section */

/* Begin PBXResourcesBuildPhase section */
		48539DE72AB0F47C005BD7C9 /* Resources */ = {
			isa = PBXResourcesBuildPhase;
			buildActionMask = 2147483647;
			files = (
				48539DF42AB0F47D005BD7C9 /* Preview Assets.xcassets in Resources */,
				48539DF12AB0F47D005BD7C9 /* Assets.xcassets in Resources */,
			);
			runOnlyForDeploymentPostprocessing = 0;
		};
/* End PBXResourcesBuildPhase section */

/* Begin PBXSourcesBuildPhase section */
		48539DE52AB0F47C005BD7C9 /* Sources */ = {
			isa = PBXSourcesBuildPhase;
			buildActionMask = 2147483647;
			files = (
				C291FF5F2B7CDA090086559C /* Appointment.swift in Sources */,
				C21B0A2C2B9724F600D5CEB4 /* Login.swift in Sources */,
				C230A0AB2B68C271007D33AF /* Date+.swift in Sources */,
				C2246A032BB30E2100FB0F13 /* keychainHelper.swift in Sources */,
				484BEEFD2AB0F5750033C07A /* Specialist.swift in Sources */,
				C230A0AD2B68C697007D33AF /* String+.swift in Sources */,
				C230A0AF2B68CCCE007D33AF /* scheduleAppointment.swift in Sources */,
				C2133BE72AF06E750016FF7B /* ContentView.swift in Sources */,
				C291FF632B8386DC0086559C /* CancelAppointmentView.swift in Sources */,
				C2133BE52AF06DC50016FF7B /* SpecialistCardView.swift in Sources */,
				C2246A012BB2154000FB0F13 /* UserDefaultsHelper.swift in Sources */,
				484BEEFF2AB0F59D0033C07A /* WebService.swift in Sources */,
				C291FF652B866CA70086559C /* SignInView.swift in Sources */,
				C27AC3E52B99F4210025B779 /* Patient.swift in Sources */,
				C2133BE32AF06D650016FF7B /* HomeView.swift in Sources */,
				48539DED2AB0F47C005BD7C9 /* VollmedApp.swift in Sources */,
				C291FF672B8684EB0086559C /* SignUpView.swift in Sources */,
				C2133BE12AF06D010016FF7B /* ButtonView.swift in Sources */,
				C291FF5D2B7CD2F50086559C /* MyAppointmentsView.swift in Sources */,
				C298A1F92B5F6DBE00E86DB7 /* ScheduleAppointmentView.swift in Sources */,
			);
			runOnlyForDeploymentPostprocessing = 0;
		};
/* End PBXSourcesBuildPhase section */

/* Begin XCBuildConfiguration section */
		48539DF52AB0F47D005BD7C9 /* Debug */ = {
			isa = XCBuildConfiguration;
			buildSettings = {
				ALWAYS_SEARCH_USER_PATHS = NO;
				ASSETCATALOG_COMPILER_GENERATE_SWIFT_ASSET_SYMBOL_EXTENSIONS = YES;
				CLANG_ANALYZER_NONNULL = YES;
				CLANG_ANALYZER_NUMBER_OBJECT_CONVERSION = YES_AGGRESSIVE;
				CLANG_CXX_LANGUAGE_STANDARD = "gnu++20";
				CLANG_ENABLE_MODULES = YES;
				CLANG_ENABLE_OBJC_ARC = YES;
				CLANG_ENABLE_OBJC_WEAK = YES;
				CLANG_WARN_BLOCK_CAPTURE_AUTORELEASING = YES;
				CLANG_WARN_BOOL_CONVERSION = YES;
				CLANG_WARN_COMMA = YES;
				CLANG_WARN_CONSTANT_CONVERSION = YES;
				CLANG_WARN_DEPRECATED_OBJC_IMPLEMENTATIONS = YES;
				CLANG_WARN_DIRECT_OBJC_ISA_USAGE = YES_ERROR;
				CLANG_WARN_DOCUMENTATION_COMMENTS = YES;
				CLANG_WARN_EMPTY_BODY = YES;
				CLANG_WARN_ENUM_CONVERSION = YES;
				CLANG_WARN_INFINITE_RECURSION = YES;
				CLANG_WARN_INT_CONVERSION = YES;
				CLANG_WARN_NON_LITERAL_NULL_CONVERSION = YES;
				CLANG_WARN_OBJC_IMPLICIT_RETAIN_SELF = YES;
				CLANG_WARN_OBJC_LITERAL_CONVERSION = YES;
				CLANG_WARN_OBJC_ROOT_CLASS = YES_ERROR;
				CLANG_WARN_QUOTED_INCLUDE_IN_FRAMEWORK_HEADER = YES;
				CLANG_WARN_RANGE_LOOP_ANALYSIS = YES;
				CLANG_WARN_STRICT_PROTOTYPES = YES;
				CLANG_WARN_SUSPICIOUS_MOVE = YES;
				CLANG_WARN_UNGUARDED_AVAILABILITY = YES_AGGRESSIVE;
				CLANG_WARN_UNREACHABLE_CODE = YES;
				CLANG_WARN__DUPLICATE_METHOD_MATCH = YES;
				COPY_PHASE_STRIP = NO;
				DEBUG_INFORMATION_FORMAT = dwarf;
				ENABLE_STRICT_OBJC_MSGSEND = YES;
				ENABLE_TESTABILITY = YES;
				ENABLE_USER_SCRIPT_SANDBOXING = YES;
				GCC_C_LANGUAGE_STANDARD = gnu17;
				GCC_DYNAMIC_NO_PIC = NO;
				GCC_NO_COMMON_BLOCKS = YES;
				GCC_OPTIMIZATION_LEVEL = 0;
				GCC_PREPROCESSOR_DEFINITIONS = (
					"DEBUG=1",
					"$(inherited)",
				);
				GCC_WARN_64_TO_32_BIT_CONVERSION = YES;
				GCC_WARN_ABOUT_RETURN_TYPE = YES_ERROR;
				GCC_WARN_UNDECLARED_SELECTOR = YES;
				GCC_WARN_UNINITIALIZED_AUTOS = YES_AGGRESSIVE;
				GCC_WARN_UNUSED_FUNCTION = YES;
				GCC_WARN_UNUSED_VARIABLE = YES;
				IPHONEOS_DEPLOYMENT_TARGET = 17.0;
				LOCALIZATION_PREFERS_STRING_CATALOGS = YES;
				MTL_ENABLE_DEBUG_INFO = INCLUDE_SOURCE;
				MTL_FAST_MATH = YES;
				ONLY_ACTIVE_ARCH = YES;
				SDKROOT = iphoneos;
				SWIFT_ACTIVE_COMPILATION_CONDITIONS = "DEBUG $(inherited)";
				SWIFT_OPTIMIZATION_LEVEL = "-Onone";
			};
			name = Debug;
		};
		48539DF62AB0F47D005BD7C9 /* Release */ = {
			isa = XCBuildConfiguration;
			buildSettings = {
				ALWAYS_SEARCH_USER_PATHS = NO;
				ASSETCATALOG_COMPILER_GENERATE_SWIFT_ASSET_SYMBOL_EXTENSIONS = YES;
				CLANG_ANALYZER_NONNULL = YES;
				CLANG_ANALYZER_NUMBER_OBJECT_CONVERSION = YES_AGGRESSIVE;
				CLANG_CXX_LANGUAGE_STANDARD = "gnu++20";
				CLANG_ENABLE_MODULES = YES;
				CLANG_ENABLE_OBJC_ARC = YES;
				CLANG_ENABLE_OBJC_WEAK = YES;
				CLANG_WARN_BLOCK_CAPTURE_AUTORELEASING = YES;
				CLANG_WARN_BOOL_CONVERSION = YES;
				CLANG_WARN_COMMA = YES;
				CLANG_WARN_CONSTANT_CONVERSION = YES;
				CLANG_WARN_DEPRECATED_OBJC_IMPLEMENTATIONS = YES;
				CLANG_WARN_DIRECT_OBJC_ISA_USAGE = YES_ERROR;
				CLANG_WARN_DOCUMENTATION_COMMENTS = YES;
				CLANG_WARN_EMPTY_BODY = YES;
				CLANG_WARN_ENUM_CONVERSION = YES;
				CLANG_WARN_INFINITE_RECURSION = YES;
				CLANG_WARN_INT_CONVERSION = YES;
				CLANG_WARN_NON_LITERAL_NULL_CONVERSION = YES;
				CLANG_WARN_OBJC_IMPLICIT_RETAIN_SELF = YES;
				CLANG_WARN_OBJC_LITERAL_CONVERSION = YES;
				CLANG_WARN_OBJC_ROOT_CLASS = YES_ERROR;
				CLANG_WARN_QUOTED_INCLUDE_IN_FRAMEWORK_HEADER = YES;
				CLANG_WARN_RANGE_LOOP_ANALYSIS = YES;
				CLANG_WARN_STRICT_PROTOTYPES = YES;
				CLANG_WARN_SUSPICIOUS_MOVE = YES;
				CLANG_WARN_UNGUARDED_AVAILABILITY = YES_AGGRESSIVE;
				CLANG_WARN_UNREACHABLE_CODE = YES;
				CLANG_WARN__DUPLICATE_METHOD_MATCH = YES;
				COPY_PHASE_STRIP = NO;
				DEBUG_INFORMATION_FORMAT = "dwarf-with-dsym";
				ENABLE_NS_ASSERTIONS = NO;
				ENABLE_STRICT_OBJC_MSGSEND = YES;
				ENABLE_USER_SCRIPT_SANDBOXING = YES;
				GCC_C_LANGUAGE_STANDARD = gnu17;
				GCC_NO_COMMON_BLOCKS = YES;
				GCC_WARN_64_TO_32_BIT_CONVERSION = YES;
				GCC_WARN_ABOUT_RETURN_TYPE = YES_ERROR;
				GCC_WARN_UNDECLARED_SELECTOR = YES;
				GCC_WARN_UNINITIALIZED_AUTOS = YES_AGGRESSIVE;
				GCC_WARN_UNUSED_FUNCTION = YES;
				GCC_WARN_UNUSED_VARIABLE = YES;
				IPHONEOS_DEPLOYMENT_TARGET = 17.0;
				LOCALIZATION_PREFERS_STRING_CATALOGS = YES;
				MTL_ENABLE_DEBUG_INFO = NO;
				MTL_FAST_MATH = YES;
				SDKROOT = iphoneos;
				SWIFT_COMPILATION_MODE = wholemodule;
				VALIDATE_PRODUCT = YES;
			};
			name = Release;
		};
		48539DF82AB0F47D005BD7C9 /* Debug */ = {
			isa = XCBuildConfiguration;
			buildSettings = {
				ASSETCATALOG_COMPILER_APPICON_NAME = AppIcon;
				ASSETCATALOG_COMPILER_GLOBAL_ACCENT_COLOR_NAME = AccentColor;
				CODE_SIGN_STYLE = Automatic;
				CURRENT_PROJECT_VERSION = 1;
				DEVELOPMENT_ASSET_PATHS = "\"Vollmed/Preview Content\"";
				ENABLE_PREVIEWS = YES;
				GENERATE_INFOPLIST_FILE = YES;
				INFOPLIST_KEY_UIApplicationSceneManifest_Generation = YES;
				INFOPLIST_KEY_UIApplicationSupportsIndirectInputEvents = YES;
				INFOPLIST_KEY_UILaunchScreen_Generation = YES;
				INFOPLIST_KEY_UISupportedInterfaceOrientations_iPad = "UIInterfaceOrientationPortrait UIInterfaceOrientationPortraitUpsideDown UIInterfaceOrientationLandscapeLeft UIInterfaceOrientationLandscapeRight";
				INFOPLIST_KEY_UISupportedInterfaceOrientations_iPhone = "UIInterfaceOrientationPortrait UIInterfaceOrientationLandscapeLeft UIInterfaceOrientationLandscapeRight";
				IPHONEOS_DEPLOYMENT_TARGET = 16.0;
				LD_RUNPATH_SEARCH_PATHS = (
					"$(inherited)",
					"@executable_path/Frameworks",
				);
				MARKETING_VERSION = 1.0;
				PRODUCT_BUNDLE_IDENTIFIER = com.giovannamoeller.Vollmed;
				PRODUCT_NAME = "$(TARGET_NAME)";
				SWIFT_EMIT_LOC_STRINGS = YES;
				SWIFT_VERSION = 5.0;
				TARGETED_DEVICE_FAMILY = "1,2";
			};
			name = Debug;
		};
		48539DF92AB0F47D005BD7C9 /* Release */ = {
			isa = XCBuildConfiguration;
			buildSettings = {
				ASSETCATALOG_COMPILER_APPICON_NAME = AppIcon;
				ASSETCATALOG_COMPILER_GLOBAL_ACCENT_COLOR_NAME = AccentColor;
				CODE_SIGN_STYLE = Automatic;
				CURRENT_PROJECT_VERSION = 1;
				DEVELOPMENT_ASSET_PATHS = "\"Vollmed/Preview Content\"";
				ENABLE_PREVIEWS = YES;
				GENERATE_INFOPLIST_FILE = YES;
				INFOPLIST_KEY_UIApplicationSceneManifest_Generation = YES;
				INFOPLIST_KEY_UIApplicationSupportsIndirectInputEvents = YES;
				INFOPLIST_KEY_UILaunchScreen_Generation = YES;
				INFOPLIST_KEY_UISupportedInterfaceOrientations_iPad = "UIInterfaceOrientationPortrait UIInterfaceOrientationPortraitUpsideDown UIInterfaceOrientationLandscapeLeft UIInterfaceOrientationLandscapeRight";
				INFOPLIST_KEY_UISupportedInterfaceOrientations_iPhone = "UIInterfaceOrientationPortrait UIInterfaceOrientationLandscapeLeft UIInterfaceOrientationLandscapeRight";
				IPHONEOS_DEPLOYMENT_TARGET = 16.0;
				LD_RUNPATH_SEARCH_PATHS = (
					"$(inherited)",
					"@executable_path/Frameworks",
				);
				MARKETING_VERSION = 1.0;
				PRODUCT_BUNDLE_IDENTIFIER = com.giovannamoeller.Vollmed;
				PRODUCT_NAME = "$(TARGET_NAME)";
				SWIFT_EMIT_LOC_STRINGS = YES;
				SWIFT_VERSION = 5.0;
				TARGETED_DEVICE_FAMILY = "1,2";
			};
			name = Release;
		};
/* End XCBuildConfiguration section */

/* Begin XCConfigurationList section */
		48539DE42AB0F47C005BD7C9 /* Build configuration list for PBXProject "Vollmed" */ = {
			isa = XCConfigurationList;
			buildConfigurations = (
				48539DF52AB0F47D005BD7C9 /* Debug */,
				48539DF62AB0F47D005BD7C9 /* Release */,
			);
			defaultConfigurationIsVisible = 0;
			defaultConfigurationName = Release;
		};
		48539DF72AB0F47D005BD7C9 /* Build configuration list for PBXNativeTarget "Vollmed" */ = {
			isa = XCConfigurationList;
			buildConfigurations = (
				48539DF82AB0F47D005BD7C9 /* Debug */,
				48539DF92AB0F47D005BD7C9 /* Release */,
			);
			defaultConfigurationIsVisible = 0;
			defaultConfigurationName = Release;
		};
/* End XCConfigurationList section */
	};
	rootObject = 48539DE12AB0F47C005BD7C9 /* Project object */;
}
